{
  "object": {
    "pins": [
      {
        "package": "AnyCodable",
        "repositoryURL": "https://github.com/Flight-School/AnyCodable.git",
        "state": {
          "branch": null,
          "revision": "6e9610258e9f1044b5e0d88545052846448b43c3",
          "version": "0.2.3"
        }
      },
      {
        "package": "Poly",
        "repositoryURL": "https://github.com/mattpolzin/Poly.git",
        "state": {
          "branch": null,
          "revision": "b24fd3b41bf3126d4c6dede3708135182172af60",
          "version": "2.2.0"
        }
      },
      {
        "package": "Sampleable",
        "repositoryURL": "https://github.com/mattpolzin/Sampleable.git",
        "state": {
          "branch": null,
          "revision": "8a88ca056a58587daa99c33a04c63c9d59429932",
          "version": "2.0.0"
        }
      }
    ]
  },
  "version": 1
}
